
Microsoft Visual Studio Solution File, Format Version 12.00
# Visual Studio Version 16
VisualStudioVersion = 16.0.31112.23
MinimumVisualStudioVersion = 10.0.40219.1
Project("{FAE04EC0-301F-11D3-BF4B-00C04F79EFBC}") = "PdfExtractor", "PdfExtractor\PdfExtractor.csproj", "{C6C044A5-FF59-4E0F-A847-82E22F136871}"
EndProject
Project("{FAE04EC0-301F-11D3-BF4B-00C04F79EFBC}") = "Tests", "Tests\Tests.csproj", "{F9D2F092-C805-47E5-A430-E63C8797B90A}"
EndProject
Project("{FAE04EC0-301F-11D3-BF4B-00C04F79EFBC}") = "CLI", "CLI\CLI.csproj", "{89B9F274-DB47-4A47-8246-2DD44651E140}"
EndProject
Project("{FAE04EC0-301F-11D3-BF4B-00C04F79EFBC}") = "Viewer.Wpf", "Viewer.Wpf\Viewer.Wpf.csproj", "{D3A4E453-0F6C-45A9-B171-79F655B7918D}"
EndProject
Global
	GlobalSection(SolutionConfigurationPlatforms) = preSolution
		Debug|Any CPU = Debug|Any CPU
		Release|Any CPU = Release|Any CPU
	EndGlobalSection
	GlobalSection(ProjectConfigurationPlatforms) = postSolution
		{C6C044A5-FF59-4E0F-A847-82E22F136871}.Debug|Any CPU.ActiveCfg = Debug|Any CPU
		{C6C044A5-FF59-4E0F-A847-82E22F136871}.Debug|Any CPU.Build.0 = Debug|Any CPU
		{C6C044A5-FF59-4E0F-A847-82E22F136871}.Release|Any CPU.ActiveCfg = Release|Any CPU
		{C6C044A5-FF59-4E0F-A847-82E22F136871}.Release|Any CPU.Build.0 = Release|Any CPU
		{F9D2F092-C805-47E5-A430-E63C8797B90A}.Debug|Any CPU.ActiveCfg = Debug|Any CPU
		{F9D2F092-C805-47E5-A430-E63C8797B90A}.Debug|Any CPU.Build.0 = Debug|Any CPU
		{F9D2F092-C805-47E5-A430-E63C8797B90A}.Release|Any CPU.ActiveCfg = Release|Any CPU
		{F9D2F092-C805-47E5-A430-E63C8797B90A}.Release|Any CPU.Build.0 = Release|Any CPU
		{89B9F274-DB47-4A47-8246-2DD44651E140}.Debug|Any CPU.ActiveCfg = Debug|Any CPU
		{89B9F274-DB47-4A47-8246-2DD44651E140}.Debug|Any CPU.Build.0 = Debug|Any CPU
		{89B9F274-DB47-4A47-8246-2DD44651E140}.Release|Any CPU.ActiveCfg = Release|Any CPU
		{89B9F274-DB47-4A47-8246-2DD44651E140}.Release|Any CPU.Build.0 = Release|Any CPU
		{D3A4E453-0F6C-45A9-B171-79F655B7918D}.Debug|Any CPU.ActiveCfg = Debug|Any CPU
		{D3A4E453-0F6C-45A9-B171-79F655B7918D}.Debug|Any CPU.Build.0 = Debug|Any CPU
		{D3A4E453-0F6C-45A9-B171-79F655B7918D}.Release|Any CPU.ActiveCfg = Release|Any CPU
		{D3A4E453-0F6C-45A9-B171-79F655B7918D}.Release|Any CPU.Build.0 = Release|Any CPU
	EndGlobalSection
	GlobalSection(SolutionProperties) = preSolution
		HideSolutionNode = FALSE
	EndGlobalSection
	GlobalSection(ExtensibilityGlobals) = postSolution
		SolutionGuid = {3B8B086E-49D5-4B73-9BDA-D753851C5DCC}
	EndGlobalSection
EndGlobal
